
Microsoft Visual Studio Solution File, Format Version 12.00
# Visual Studio Version 17
VisualStudioVersion = 17.14.37027.9 d17.14
MinimumVisualStudioVersion = 10.0.40219.1
Project("{FAE04EC0-301F-11D3-BF4B-00C04F79EFBC}") = "MaxiumDoorsFunctionApp", "MaxiumDoorsFunctionApp.csproj", "{9BDBC42C-1556-256A-AD0E-4D8CDF9E75E5}"
EndProject
Global
	GlobalSection(SolutionConfigurationPlatforms) = preSolution
		Debug|Any CPU = Debug|Any CPU
		Release|Any CPU = Release|Any CPU
	EndGlobalSection
	GlobalSection(ProjectConfigurationPlatforms) = postSolution
		{9BDBC42C-1556-256A-AD0E-4D8CDF9E75E5}.Debug|Any CPU.ActiveCfg = Debug|Any CPU
		{9BDBC42C-1556-256A-AD0E-4D8CDF9E75E5}.Debug|Any CPU.Build.0 = Debug|Any CPU
		{9BDBC42C-1556-256A-AD0E-4D8CDF9E75E5}.Release|Any CPU.ActiveCfg = Release|Any CPU
		{9BDBC42C-1556-256A-AD0E-4D8CDF9E75E5}.Release|Any CPU.Build.0 = Release|Any CPU
	EndGlobalSection
	GlobalSection(SolutionProperties) = preSolution
		HideSolutionNode = FALSE
	EndGlobalSection
	GlobalSection(ExtensibilityGlobals) = postSolution
		SolutionGuid = {739C47B8-72D7-41CA-827A-33BFC0EB6BC5}
	EndGlobalSection
EndGlobal
